
Microsoft Visual Studio Solution File, Format Version 12.00
# Visual Studio 14
VisualStudioVersion = 14.0.25420.1
MinimumVisualStudioVersion = 10.0.40219.1
Project("{2150E333-8FDC-42A3-9474-1A3956D46DE8}") = "Solution Items", "Solution Items", "{A64FD5C9-DB02-4E53-8EF6-930E8C98E221}"
	ProjectSection(SolutionItems) = preProject
		..\README.md = ..\README.md
		..\RESEARCH.md = ..\RESEARCH.md
	EndProjectSection
EndProject
Project("{FAE04EC0-301F-11D3-BF4B-00C04F79EFBC}") = "FXStreet.AzureScheduler.Functions", "FXStreet.AzureScheduler.Functions\FXStreet.AzureScheduler.Functions.csproj", "{104C6D60-3E21-40FE-B77E-9C1CC0FB8141}"
EndProject
Global
	GlobalSection(SolutionConfigurationPlatforms) = preSolution
		Debug|Any CPU = Debug|Any CPU
		Release|Any CPU = Release|Any CPU
	EndGlobalSection
	GlobalSection(ProjectConfigurationPlatforms) = postSolution
		{104C6D60-3E21-40FE-B77E-9C1CC0FB8141}.Debug|Any CPU.ActiveCfg = Debug|Any CPU
		{104C6D60-3E21-40FE-B77E-9C1CC0FB8141}.Debug|Any CPU.Build.0 = Debug|Any CPU
		{104C6D60-3E21-40FE-B77E-9C1CC0FB8141}.Release|Any CPU.ActiveCfg = Release|Any CPU
		{104C6D60-3E21-40FE-B77E-9C1CC0FB8141}.Release|Any CPU.Build.0 = Release|Any CPU
	EndGlobalSection
	GlobalSection(SolutionProperties) = preSolution
		HideSolutionNode = FALSE
	EndGlobalSection
EndGlobal
